<?xml version="1.0" encoding="UTF-8"?>
<CodeBlocks_project_file>
	<FileVersion major="1" minor="6"/>
	<Project>
		<Option title="ppgso"/>
		<Option makefile_is_custom="1"/>
		<Option compiler="gcc"/>
		<Option virtualFolders="CMake Files\;CMake Files\cmake\;"/>
		<Build>
			<Target title="all">
				<Option working_dir="C:/Users/szval/CLionProjects/ppgprojekt/cmake-build-debug"/>
				<Option type="4"/>
				<MakeCommands>
					<Build command="C:/PROGRA~1/MINGW-~1/X86_64~1.0-P/mingw64/bin/mingw32-make.exe -f &quot;C:/Users/szval/CLionProjects/ppgprojekt/cmake-build-debug/Makefile&quot;  VERBOSE=1 all"/>
					<CompileFile command="C:/PROGRA~1/MINGW-~1/X86_64~1.0-P/mingw64/bin/mingw32-make.exe -f &quot;C:/Users/szval/CLionProjects/ppgprojekt/cmake-build-debug/Makefile&quot;  VERBOSE=1 &quot;$file&quot;"/>
					<Clean command="C:/PROGRA~1/MINGW-~1/X86_64~1.0-P/mingw64/bin/mingw32-make.exe -f &quot;C:/Users/szval/CLionProjects/ppgprojekt/cmake-build-debug/Makefile&quot;  VERBOSE=1 clean"/>
					<DistClean command="C:/PROGRA~1/MINGW-~1/X86_64~1.0-P/mingw64/bin/mingw32-make.exe -f &quot;C:/Users/szval/CLionProjects/ppgprojekt/cmake-build-debug/Makefile&quot;  VERBOSE=1 clean"/>
				</MakeCommands>
			</Target>
			<Target title="shaders">
				<Option output="C:/Users/szval/CLionProjects/ppgprojekt/cmake-build-debug/libshaders.a" prefix_auto="0" extension_auto="0"/>
				<Option working_dir="C:/Users/szval/CLionProjects/ppgprojekt/cmake-build-debug"/>
				<Option object_output="./"/>
				<Option type="2"/>
				<Option compiler="gcc"/>
				<Compiler>
					<Add directory="C:/Users/szval/CLionProjects/ppgprojekt/cmake-build-debug"/>
					<Add directory="C:/Program Files/mingw-w64/x86_64-8.1.0-posix-seh-rt_v6-rev0/mingw64/bin/../lib/gcc/x86_64-w64-mingw32/8.1.0/include/c++"/>
					<Add directory="C:/Program Files/mingw-w64/x86_64-8.1.0-posix-seh-rt_v6-rev0/mingw64/bin/../lib/gcc/x86_64-w64-mingw32/8.1.0/include/c++/x86_64-w64-mingw32"/>
					<Add directory="C:/Program Files/mingw-w64/x86_64-8.1.0-posix-seh-rt_v6-rev0/mingw64/bin/../lib/gcc/x86_64-w64-mingw32/8.1.0/include/c++/backward"/>
					<Add directory="C:/Program Files/mingw-w64/x86_64-8.1.0-posix-seh-rt_v6-rev0/mingw64/bin/../lib/gcc/x86_64-w64-mingw32/8.1.0/include"/>
					<Add directory="C:/Program Files/mingw-w64/x86_64-8.1.0-posix-seh-rt_v6-rev0/mingw64/bin/../lib/gcc/x86_64-w64-mingw32/8.1.0/include-fixed"/>
					<Add directory="C:/Program Files/mingw-w64/x86_64-8.1.0-posix-seh-rt_v6-rev0/mingw64/bin/../lib/gcc/x86_64-w64-mingw32/8.1.0/../../../../x86_64-w64-mingw32/include"/>
				</Compiler>
				<MakeCommands>
					<Build command="C:/PROGRA~1/MINGW-~1/X86_64~1.0-P/mingw64/bin/mingw32-make.exe -f &quot;C:/Users/szval/CLionProjects/ppgprojekt/cmake-build-debug/Makefile&quot;  VERBOSE=1 shaders"/>
					<CompileFile command="C:/PROGRA~1/MINGW-~1/X86_64~1.0-P/mingw64/bin/mingw32-make.exe -f &quot;C:/Users/szval/CLionProjects/ppgprojekt/cmake-build-debug/Makefile&quot;  VERBOSE=1 &quot;$file&quot;"/>
					<Clean command="C:/PROGRA~1/MINGW-~1/X86_64~1.0-P/mingw64/bin/mingw32-make.exe -f &quot;C:/Users/szval/CLionProjects/ppgprojekt/cmake-build-debug/Makefile&quot;  VERBOSE=1 clean"/>
					<DistClean command="C:/PROGRA~1/MINGW-~1/X86_64~1.0-P/mingw64/bin/mingw32-make.exe -f &quot;C:/Users/szval/CLionProjects/ppgprojekt/cmake-build-debug/Makefile&quot;  VERBOSE=1 clean"/>
				</MakeCommands>
			</Target>
			<Target title="shaders/fast">
				<Option output="C:/Users/szval/CLionProjects/ppgprojekt/cmake-build-debug/libshaders.a" prefix_auto="0" extension_auto="0"/>
				<Option working_dir="C:/Users/szval/CLionProjects/ppgprojekt/cmake-build-debug"/>
				<Option object_output="./"/>
				<Option type="2"/>
				<Option compiler="gcc"/>
				<Compiler>
					<Add directory="C:/Users/szval/CLionProjects/ppgprojekt/cmake-build-debug"/>
					<Add directory="C:/Program Files/mingw-w64/x86_64-8.1.0-posix-seh-rt_v6-rev0/mingw64/bin/../lib/gcc/x86_64-w64-mingw32/8.1.0/include/c++"/>
					<Add directory="C:/Program Files/mingw-w64/x86_64-8.1.0-posix-seh-rt_v6-rev0/mingw64/bin/../lib/gcc/x86_64-w64-mingw32/8.1.0/include/c++/x86_64-w64-mingw32"/>
					<Add directory="C:/Program Files/mingw-w64/x86_64-8.1.0-posix-seh-rt_v6-rev0/mingw64/bin/../lib/gcc/x86_64-w64-mingw32/8.1.0/include/c++/backward"/>
					<Add directory="C:/Program Files/mingw-w64/x86_64-8.1.0-posix-seh-rt_v6-rev0/mingw64/bin/../lib/gcc/x86_64-w64-mingw32/8.1.0/include"/>
					<Add directory="C:/Program Files/mingw-w64/x86_64-8.1.0-posix-seh-rt_v6-rev0/mingw64/bin/../lib/gcc/x86_64-w64-mingw32/8.1.0/include-fixed"/>
					<Add directory="C:/Program Files/mingw-w64/x86_64-8.1.0-posix-seh-rt_v6-rev0/mingw64/bin/../lib/gcc/x86_64-w64-mingw32/8.1.0/../../../../x86_64-w64-mingw32/include"/>
				</Compiler>
				<MakeCommands>
					<Build command="C:/PROGRA~1/MINGW-~1/X86_64~1.0-P/mingw64/bin/mingw32-make.exe -f &quot;C:/Users/szval/CLionProjects/ppgprojekt/cmake-build-debug/Makefile&quot;  VERBOSE=1 shaders/fast"/>
					<CompileFile command="C:/PROGRA~1/MINGW-~1/X86_64~1.0-P/mingw64/bin/mingw32-make.exe -f &quot;C:/Users/szval/CLionProjects/ppgprojekt/cmake-build-debug/Makefile&quot;  VERBOSE=1 &quot;$file&quot;"/>
					<Clean command="C:/PROGRA~1/MINGW-~1/X86_64~1.0-P/mingw64/bin/mingw32-make.exe -f &quot;C:/Users/szval/CLionProjects/ppgprojekt/cmake-build-debug/Makefile&quot;  VERBOSE=1 clean"/>
					<DistClean command="C:/PROGRA~1/MINGW-~1/X86_64~1.0-P/mingw64/bin/mingw32-make.exe -f &quot;C:/Users/szval/CLionProjects/ppgprojekt/cmake-build-debug/Makefile&quot;  VERBOSE=1 clean"/>
				</MakeCommands>
			</Target>
			<Target title="install">
				<Option working_dir="C:/Users/szval/CLionProjects/ppgprojekt/cmake-build-debug"/>
				<Option type="4"/>
				<MakeCommands>
					<Build command="C:/PROGRA~1/MINGW-~1/X86_64~1.0-P/mingw64/bin/mingw32-make.exe -f &quot;C:/Users/szval/CLionProjects/ppgprojekt/cmake-build-debug/Makefile&quot;  VERBOSE=1 install"/>
					<CompileFile command="C:/PROGRA~1/MINGW-~1/X86_64~1.0-P/mingw64/bin/mingw32-make.exe -f &quot;C:/Users/szval/CLionProjects/ppgprojekt/cmake-build-debug/Makefile&quot;  VERBOSE=1 &quot;$file&quot;"/>
					<Clean command="C:/PROGRA~1/MINGW-~1/X86_64~1.0-P/mingw64/bin/mingw32-make.exe -f &quot;C:/Users/szval/CLionProjects/ppgprojekt/cmake-build-debug/Makefile&quot;  VERBOSE=1 clean"/>
					<DistClean command="C:/PROGRA~1/MINGW-~1/X86_64~1.0-P/mingw64/bin/mingw32-make.exe -f &quot;C:/Users/szval/CLionProjects/ppgprojekt/cmake-build-debug/Makefile&quot;  VERBOSE=1 clean"/>
				</MakeCommands>
			</Target>
			<Target title="install/local">
				<Option working_dir="C:/Users/szval/CLionProjects/ppgprojekt/cmake-build-debug"/>
				<Option type="4"/>
				<MakeCommands>
					<Build command="C:/PROGRA~1/MINGW-~1/X86_64~1.0-P/mingw64/bin/mingw32-make.exe -f &quot;C:/Users/szval/CLionProjects/ppgprojekt/cmake-build-debug/Makefile&quot;  VERBOSE=1 install/local"/>
					<CompileFile command="C:/PROGRA~1/MINGW-~1/X86_64~1.0-P/mingw64/bin/mingw32-make.exe -f &quot;C:/Users/szval/CLionProjects/ppgprojekt/cmake-build-debug/Makefile&quot;  VERBOSE=1 &quot;$file&quot;"/>
					<Clean command="C:/PROGRA~1/MINGW-~1/X86_64~1.0-P/mingw64/bin/mingw32-make.exe -f &quot;C:/Users/szval/CLionProjects/ppgprojekt/cmake-build-debug/Makefile&quot;  VERBOSE=1 clean"/>
					<DistClean command="C:/PROGRA~1/MINGW-~1/X86_64~1.0-P/mingw64/bin/mingw32-make.exe -f &quot;C:/Users/szval/CLionProjects/ppgprojekt/cmake-build-debug/Makefile&quot;  VERBOSE=1 clean"/>
				</MakeCommands>
			</Target>
			<Target title="edit_cache">
				<Option working_dir="C:/Users/szval/CLionProjects/ppgprojekt/cmake-build-debug"/>
				<Option type="4"/>
				<MakeCommands>
					<Build command="C:/PROGRA~1/MINGW-~1/X86_64~1.0-P/mingw64/bin/mingw32-make.exe -f &quot;C:/Users/szval/CLionProjects/ppgprojekt/cmake-build-debug/Makefile&quot;  VERBOSE=1 edit_cache"/>
					<CompileFile command="C:/PROGRA~1/MINGW-~1/X86_64~1.0-P/mingw64/bin/mingw32-make.exe -f &quot;C:/Users/szval/CLionProjects/ppgprojekt/cmake-build-debug/Makefile&quot;  VERBOSE=1 &quot;$file&quot;"/>
					<Clean command="C:/PROGRA~1/MINGW-~1/X86_64~1.0-P/mingw64/bin/mingw32-make.exe -f &quot;C:/Users/szval/CLionProjects/ppgprojekt/cmake-build-debug/Makefile&quot;  VERBOSE=1 clean"/>
					<DistClean command="C:/PROGRA~1/MINGW-~1/X86_64~1.0-P/mingw64/bin/mingw32-make.exe -f &quot;C:/Users/szval/CLionProjects/ppgprojekt/cmake-build-debug/Makefile&quot;  VERBOSE=1 clean"/>
				</MakeCommands>
			</Target>
			<Target title="ppgso">
				<Option output="C:/Users/szval/CLionProjects/ppgprojekt/cmake-build-debug/libppgso.a" prefix_auto="0" extension_auto="0"/>
				<Option working_dir="C:/Users/szval/CLionProjects/ppgprojekt/cmake-build-debug"/>
				<Option object_output="./"/>
				<Option type="2"/>
				<Option compiler="gcc"/>
				<Compiler>
					<Add option="-DGLM_FORCE_RADIANS"/>
					<Add option="-DGLEW_STATIC"/>
					<Add directory="C:/Users/szval/CLionProjects/ppgprojekt/ppgso"/>
					<Add directory="C:/Users/szval/CLionProjects/ppgprojekt/dependencies/include"/>
					<Add directory="C:/Users/szval/CLionProjects/ppgprojekt"/>
					<Add directory="C:/Users/szval/CLionProjects/ppgprojekt/cmake-build-debug"/>
					<Add directory="C:/Program Files/mingw-w64/x86_64-8.1.0-posix-seh-rt_v6-rev0/mingw64/bin/../lib/gcc/x86_64-w64-mingw32/8.1.0/include/c++"/>
					<Add directory="C:/Program Files/mingw-w64/x86_64-8.1.0-posix-seh-rt_v6-rev0/mingw64/bin/../lib/gcc/x86_64-w64-mingw32/8.1.0/include/c++/x86_64-w64-mingw32"/>
					<Add directory="C:/Program Files/mingw-w64/x86_64-8.1.0-posix-seh-rt_v6-rev0/mingw64/bin/../lib/gcc/x86_64-w64-mingw32/8.1.0/include/c++/backward"/>
					<Add directory="C:/Program Files/mingw-w64/x86_64-8.1.0-posix-seh-rt_v6-rev0/mingw64/bin/../lib/gcc/x86_64-w64-mingw32/8.1.0/include"/>
					<Add directory="C:/Program Files/mingw-w64/x86_64-8.1.0-posix-seh-rt_v6-rev0/mingw64/bin/../lib/gcc/x86_64-w64-mingw32/8.1.0/include-fixed"/>
					<Add directory="C:/Program Files/mingw-w64/x86_64-8.1.0-posix-seh-rt_v6-rev0/mingw64/bin/../lib/gcc/x86_64-w64-mingw32/8.1.0/../../../../x86_64-w64-mingw32/include"/>
				</Compiler>
				<MakeCommands>
					<Build command="C:/PROGRA~1/MINGW-~1/X86_64~1.0-P/mingw64/bin/mingw32-make.exe -f &quot;C:/Users/szval/CLionProjects/ppgprojekt/cmake-build-debug/Makefile&quot;  VERBOSE=1 ppgso"/>
					<CompileFile command="C:/PROGRA~1/MINGW-~1/X86_64~1.0-P/mingw64/bin/mingw32-make.exe -f &quot;C:/Users/szval/CLionProjects/ppgprojekt/cmake-build-debug/Makefile&quot;  VERBOSE=1 &quot;$file&quot;"/>
					<Clean command="C:/PROGRA~1/MINGW-~1/X86_64~1.0-P/mingw64/bin/mingw32-make.exe -f &quot;C:/Users/szval/CLionProjects/ppgprojekt/cmake-build-debug/Makefile&quot;  VERBOSE=1 clean"/>
					<DistClean command="C:/PROGRA~1/MINGW-~1/X86_64~1.0-P/mingw64/bin/mingw32-make.exe -f &quot;C:/Users/szval/CLionProjects/ppgprojekt/cmake-build-debug/Makefile&quot;  VERBOSE=1 clean"/>
				</MakeCommands>
			</Target>
			<Target title="ppgso/fast">
				<Option output="C:/Users/szval/CLionProjects/ppgprojekt/cmake-build-debug/libppgso.a" prefix_auto="0" extension_auto="0"/>
				<Option working_dir="C:/Users/szval/CLionProjects/ppgprojekt/cmake-build-debug"/>
				<Option object_output="./"/>
				<Option type="2"/>
				<Option compiler="gcc"/>
				<Compiler>
					<Add option="-DGLM_FORCE_RADIANS"/>
					<Add option="-DGLEW_STATIC"/>
					<Add directory="C:/Users/szval/CLionProjects/ppgprojekt/ppgso"/>
					<Add directory="C:/Users/szval/CLionProjects/ppgprojekt/dependencies/include"/>
					<Add directory="C:/Users/szval/CLionProjects/ppgprojekt"/>
					<Add directory="C:/Users/szval/CLionProjects/ppgprojekt/cmake-build-debug"/>
					<Add directory="C:/Program Files/mingw-w64/x86_64-8.1.0-posix-seh-rt_v6-rev0/mingw64/bin/../lib/gcc/x86_64-w64-mingw32/8.1.0/include/c++"/>
					<Add directory="C:/Program Files/mingw-w64/x86_64-8.1.0-posix-seh-rt_v6-rev0/mingw64/bin/../lib/gcc/x86_64-w64-mingw32/8.1.0/include/c++/x86_64-w64-mingw32"/>
					<Add directory="C:/Program Files/mingw-w64/x86_64-8.1.0-posix-seh-rt_v6-rev0/mingw64/bin/../lib/gcc/x86_64-w64-mingw32/8.1.0/include/c++/backward"/>
					<Add directory="C:/Program Files/mingw-w64/x86_64-8.1.0-posix-seh-rt_v6-rev0/mingw64/bin/../lib/gcc/x86_64-w64-mingw32/8.1.0/include"/>
					<Add directory="C:/Program Files/mingw-w64/x86_64-8.1.0-posix-seh-rt_v6-rev0/mingw64/bin/../lib/gcc/x86_64-w64-mingw32/8.1.0/include-fixed"/>
					<Add directory="C:/Program Files/mingw-w64/x86_64-8.1.0-posix-seh-rt_v6-rev0/mingw64/bin/../lib/gcc/x86_64-w64-mingw32/8.1.0/../../../../x86_64-w64-mingw32/include"/>
				</Compiler>
				<MakeCommands>
					<Build command="C:/PROGRA~1/MINGW-~1/X86_64~1.0-P/mingw64/bin/mingw32-make.exe -f &quot;C:/Users/szval/CLionProjects/ppgprojekt/cmake-build-debug/Makefile&quot;  VERBOSE=1 ppgso/fast"/>
					<CompileFile command="C:/PROGRA~1/MINGW-~1/X86_64~1.0-P/mingw64/bin/mingw32-make.exe -f &quot;C:/Users/szval/CLionProjects/ppgprojekt/cmake-build-debug/Makefile&quot;  VERBOSE=1 &quot;$file&quot;"/>
					<Clean command="C:/PROGRA~1/MINGW-~1/X86_64~1.0-P/mingw64/bin/mingw32-make.exe -f &quot;C:/Users/szval/CLionProjects/ppgprojekt/cmake-build-debug/Makefile&quot;  VERBOSE=1 clean"/>
					<DistClean command="C:/PROGRA~1/MINGW-~1/X86_64~1.0-P/mingw64/bin/mingw32-make.exe -f &quot;C:/Users/szval/CLionProjects/ppgprojekt/cmake-build-debug/Makefile&quot;  VERBOSE=1 clean"/>
				</MakeCommands>
			</Target>
			<Target title="list_install_components">
				<Option working_dir="C:/Users/szval/CLionProjects/ppgprojekt/cmake-build-debug"/>
				<Option type="4"/>
				<MakeCommands>
					<Build command="C:/PROGRA~1/MINGW-~1/X86_64~1.0-P/mingw64/bin/mingw32-make.exe -f &quot;C:/Users/szval/CLionProjects/ppgprojekt/cmake-build-debug/Makefile&quot;  VERBOSE=1 list_install_components"/>
					<CompileFile command="C:/PROGRA~1/MINGW-~1/X86_64~1.0-P/mingw64/bin/mingw32-make.exe -f &quot;C:/Users/szval/CLionProjects/ppgprojekt/cmake-build-debug/Makefile&quot;  VERBOSE=1 &quot;$file&quot;"/>
					<Clean command="C:/PROGRA~1/MINGW-~1/X86_64~1.0-P/mingw64/bin/mingw32-make.exe -f &quot;C:/Users/szval/CLionProjects/ppgprojekt/cmake-build-debug/Makefile&quot;  VERBOSE=1 clean"/>
					<DistClean command="C:/PROGRA~1/MINGW-~1/X86_64~1.0-P/mingw64/bin/mingw32-make.exe -f &quot;C:/Users/szval/CLionProjects/ppgprojekt/cmake-build-debug/Makefile&quot;  VERBOSE=1 clean"/>
				</MakeCommands>
			</Target>
			<Target title="gl9_scene">
				<Option output="C:/Users/szval/CLionProjects/ppgprojekt/cmake-build-debug/gl9_scene.exe" prefix_auto="0" extension_auto="0"/>
				<Option working_dir="C:/Users/szval/CLionProjects/ppgprojekt/cmake-build-debug"/>
				<Option object_output="./"/>
				<Option type="1"/>
				<Option compiler="gcc"/>
				<Compiler>
					<Add option="-DGLM_FORCE_RADIANS"/>
					<Add option="-DGLEW_STATIC"/>
					<Add directory="C:/Users/szval/CLionProjects/ppgprojekt/ppgso"/>
					<Add directory="C:/Users/szval/CLionProjects/ppgprojekt/dependencies/include"/>
					<Add directory="C:/Users/szval/CLionProjects/ppgprojekt"/>
					<Add directory="C:/Users/szval/CLionProjects/ppgprojekt/cmake-build-debug"/>
					<Add directory="C:/Program Files/mingw-w64/x86_64-8.1.0-posix-seh-rt_v6-rev0/mingw64/bin/../lib/gcc/x86_64-w64-mingw32/8.1.0/include/c++"/>
					<Add directory="C:/Program Files/mingw-w64/x86_64-8.1.0-posix-seh-rt_v6-rev0/mingw64/bin/../lib/gcc/x86_64-w64-mingw32/8.1.0/include/c++/x86_64-w64-mingw32"/>
					<Add directory="C:/Program Files/mingw-w64/x86_64-8.1.0-posix-seh-rt_v6-rev0/mingw64/bin/../lib/gcc/x86_64-w64-mingw32/8.1.0/include/c++/backward"/>
					<Add directory="C:/Program Files/mingw-w64/x86_64-8.1.0-posix-seh-rt_v6-rev0/mingw64/bin/../lib/gcc/x86_64-w64-mingw32/8.1.0/include"/>
					<Add directory="C:/Program Files/mingw-w64/x86_64-8.1.0-posix-seh-rt_v6-rev0/mingw64/bin/../lib/gcc/x86_64-w64-mingw32/8.1.0/include-fixed"/>
					<Add directory="C:/Program Files/mingw-w64/x86_64-8.1.0-posix-seh-rt_v6-rev0/mingw64/bin/../lib/gcc/x86_64-w64-mingw32/8.1.0/../../../../x86_64-w64-mingw32/include"/>
				</Compiler>
				<MakeCommands>
					<Build command="C:/PROGRA~1/MINGW-~1/X86_64~1.0-P/mingw64/bin/mingw32-make.exe -f &quot;C:/Users/szval/CLionProjects/ppgprojekt/cmake-build-debug/Makefile&quot;  VERBOSE=1 gl9_scene"/>
					<CompileFile command="C:/PROGRA~1/MINGW-~1/X86_64~1.0-P/mingw64/bin/mingw32-make.exe -f &quot;C:/Users/szval/CLionProjects/ppgprojekt/cmake-build-debug/Makefile&quot;  VERBOSE=1 &quot;$file&quot;"/>
					<Clean command="C:/PROGRA~1/MINGW-~1/X86_64~1.0-P/mingw64/bin/mingw32-make.exe -f &quot;C:/Users/szval/CLionProjects/ppgprojekt/cmake-build-debug/Makefile&quot;  VERBOSE=1 clean"/>
					<DistClean command="C:/PROGRA~1/MINGW-~1/X86_64~1.0-P/mingw64/bin/mingw32-make.exe -f &quot;C:/Users/szval/CLionProjects/ppgprojekt/cmake-build-debug/Makefile&quot;  VERBOSE=1 clean"/>
				</MakeCommands>
			</Target>
			<Target title="gl9_scene/fast">
				<Option output="C:/Users/szval/CLionProjects/ppgprojekt/cmake-build-debug/gl9_scene.exe" prefix_auto="0" extension_auto="0"/>
				<Option working_dir="C:/Users/szval/CLionProjects/ppgprojekt/cmake-build-debug"/>
				<Option object_output="./"/>
				<Option type="1"/>
				<Option compiler="gcc"/>
				<Compiler>
					<Add option="-DGLM_FORCE_RADIANS"/>
					<Add option="-DGLEW_STATIC"/>
					<Add directory="C:/Users/szval/CLionProjects/ppgprojekt/ppgso"/>
					<Add directory="C:/Users/szval/CLionProjects/ppgprojekt/dependencies/include"/>
					<Add directory="C:/Users/szval/CLionProjects/ppgprojekt"/>
					<Add directory="C:/Users/szval/CLionProjects/ppgprojekt/cmake-build-debug"/>
					<Add directory="C:/Program Files/mingw-w64/x86_64-8.1.0-posix-seh-rt_v6-rev0/mingw64/bin/../lib/gcc/x86_64-w64-mingw32/8.1.0/include/c++"/>
					<Add directory="C:/Program Files/mingw-w64/x86_64-8.1.0-posix-seh-rt_v6-rev0/mingw64/bin/../lib/gcc/x86_64-w64-mingw32/8.1.0/include/c++/x86_64-w64-mingw32"/>
					<Add directory="C:/Program Files/mingw-w64/x86_64-8.1.0-posix-seh-rt_v6-rev0/mingw64/bin/../lib/gcc/x86_64-w64-mingw32/8.1.0/include/c++/backward"/>
					<Add directory="C:/Program Files/mingw-w64/x86_64-8.1.0-posix-seh-rt_v6-rev0/mingw64/bin/../lib/gcc/x86_64-w64-mingw32/8.1.0/include"/>
					<Add directory="C:/Program Files/mingw-w64/x86_64-8.1.0-posix-seh-rt_v6-rev0/mingw64/bin/../lib/gcc/x86_64-w64-mingw32/8.1.0/include-fixed"/>
					<Add directory="C:/Program Files/mingw-w64/x86_64-8.1.0-posix-seh-rt_v6-rev0/mingw64/bin/../lib/gcc/x86_64-w64-mingw32/8.1.0/../../../../x86_64-w64-mingw32/include"/>
				</Compiler>
				<MakeCommands>
					<Build command="C:/PROGRA~1/MINGW-~1/X86_64~1.0-P/mingw64/bin/mingw32-make.exe -f &quot;C:/Users/szval/CLionProjects/ppgprojekt/cmake-build-debug/Makefile&quot;  VERBOSE=1 gl9_scene/fast"/>
					<CompileFile command="C:/PROGRA~1/MINGW-~1/X86_64~1.0-P/mingw64/bin/mingw32-make.exe -f &quot;C:/Users/szval/CLionProjects/ppgprojekt/cmake-build-debug/Makefile&quot;  VERBOSE=1 &quot;$file&quot;"/>
					<Clean command="C:/PROGRA~1/MINGW-~1/X86_64~1.0-P/mingw64/bin/mingw32-make.exe -f &quot;C:/Users/szval/CLionProjects/ppgprojekt/cmake-build-debug/Makefile&quot;  VERBOSE=1 clean"/>
					<DistClean command="C:/PROGRA~1/MINGW-~1/X86_64~1.0-P/mingw64/bin/mingw32-make.exe -f &quot;C:/Users/szval/CLionProjects/ppgprojekt/cmake-build-debug/Makefile&quot;  VERBOSE=1 clean"/>
				</MakeCommands>
			</Target>
			<Target title="rebuild_cache">
				<Option working_dir="C:/Users/szval/CLionProjects/ppgprojekt/cmake-build-debug"/>
				<Option type="4"/>
				<MakeCommands>
					<Build command="C:/PROGRA~1/MINGW-~1/X86_64~1.0-P/mingw64/bin/mingw32-make.exe -f &quot;C:/Users/szval/CLionProjects/ppgprojekt/cmake-build-debug/Makefile&quot;  VERBOSE=1 rebuild_cache"/>
					<CompileFile command="C:/PROGRA~1/MINGW-~1/X86_64~1.0-P/mingw64/bin/mingw32-make.exe -f &quot;C:/Users/szval/CLionProjects/ppgprojekt/cmake-build-debug/Makefile&quot;  VERBOSE=1 &quot;$file&quot;"/>
					<Clean command="C:/PROGRA~1/MINGW-~1/X86_64~1.0-P/mingw64/bin/mingw32-make.exe -f &quot;C:/Users/szval/CLionProjects/ppgprojekt/cmake-build-debug/Makefile&quot;  VERBOSE=1 clean"/>
					<DistClean command="C:/PROGRA~1/MINGW-~1/X86_64~1.0-P/mingw64/bin/mingw32-make.exe -f &quot;C:/Users/szval/CLionProjects/ppgprojekt/cmake-build-debug/Makefile&quot;  VERBOSE=1 clean"/>
				</MakeCommands>
			</Target>
			<Target title="install/strip">
				<Option working_dir="C:/Users/szval/CLionProjects/ppgprojekt/cmake-build-debug"/>
				<Option type="4"/>
				<MakeCommands>
					<Build command="C:/PROGRA~1/MINGW-~1/X86_64~1.0-P/mingw64/bin/mingw32-make.exe -f &quot;C:/Users/szval/CLionProjects/ppgprojekt/cmake-build-debug/Makefile&quot;  VERBOSE=1 install/strip"/>
					<CompileFile command="C:/PROGRA~1/MINGW-~1/X86_64~1.0-P/mingw64/bin/mingw32-make.exe -f &quot;C:/Users/szval/CLionProjects/ppgprojekt/cmake-build-debug/Makefile&quot;  VERBOSE=1 &quot;$file&quot;"/>
					<Clean command="C:/PROGRA~1/MINGW-~1/X86_64~1.0-P/mingw64/bin/mingw32-make.exe -f &quot;C:/Users/szval/CLionProjects/ppgprojekt/cmake-build-debug/Makefile&quot;  VERBOSE=1 clean"/>
					<DistClean command="C:/PROGRA~1/MINGW-~1/X86_64~1.0-P/mingw64/bin/mingw32-make.exe -f &quot;C:/Users/szval/CLionProjects/ppgprojekt/cmake-build-debug/Makefile&quot;  VERBOSE=1 clean"/>
				</MakeCommands>
			</Target>
		</Build>
		<Unit filename="C:/Users/szval/CLionProjects/ppgprojekt/cmake-build-debug/shaders/color_frag_glsl.cpp">
			<Option target="shaders"/>
		</Unit>
		<Unit filename="C:/Users/szval/CLionProjects/ppgprojekt/cmake-build-debug/shaders/color_frag_glsl.cpp.rule">
			<Option target="shaders"/>
		</Unit>
		<Unit filename="C:/Users/szval/CLionProjects/ppgprojekt/cmake-build-debug/shaders/color_frag_glsl.h">
			<Option target="shaders"/>
		</Unit>
		<Unit filename="C:/Users/szval/CLionProjects/ppgprojekt/cmake-build-debug/shaders/color_vert_glsl.cpp">
			<Option target="shaders"/>
		</Unit>
		<Unit filename="C:/Users/szval/CLionProjects/ppgprojekt/cmake-build-debug/shaders/color_vert_glsl.cpp.rule">
			<Option target="shaders"/>
		</Unit>
		<Unit filename="C:/Users/szval/CLionProjects/ppgprojekt/cmake-build-debug/shaders/color_vert_glsl.h">
			<Option target="shaders"/>
		</Unit>
		<Unit filename="C:/Users/szval/CLionProjects/ppgprojekt/cmake-build-debug/shaders/convolution_frag_glsl.cpp">
			<Option target="shaders"/>
		</Unit>
		<Unit filename="C:/Users/szval/CLionProjects/ppgprojekt/cmake-build-debug/shaders/convolution_frag_glsl.cpp.rule">
			<Option target="shaders"/>
		</Unit>
		<Unit filename="C:/Users/szval/CLionProjects/ppgprojekt/cmake-build-debug/shaders/convolution_frag_glsl.h">
			<Option target="shaders"/>
		</Unit>
		<Unit filename="C:/Users/szval/CLionProjects/ppgprojekt/cmake-build-debug/shaders/convolution_vert_glsl.cpp">
			<Option target="shaders"/>
		</Unit>
		<Unit filename="C:/Users/szval/CLionProjects/ppgprojekt/cmake-build-debug/shaders/convolution_vert_glsl.cpp.rule">
			<Option target="shaders"/>
		</Unit>
		<Unit filename="C:/Users/szval/CLionProjects/ppgprojekt/cmake-build-debug/shaders/convolution_vert_glsl.h">
			<Option target="shaders"/>
		</Unit>
		<Unit filename="C:/Users/szval/CLionProjects/ppgprojekt/cmake-build-debug/shaders/diffuse_frag_glsl.cpp">
			<Option target="shaders"/>
		</Unit>
		<Unit filename="C:/Users/szval/CLionProjects/ppgprojekt/cmake-build-debug/shaders/diffuse_frag_glsl.cpp.rule">
			<Option target="shaders"/>
		</Unit>
		<Unit filename="C:/Users/szval/CLionProjects/ppgprojekt/cmake-build-debug/shaders/diffuse_frag_glsl.h">
			<Option target="shaders"/>
		</Unit>
		<Unit filename="C:/Users/szval/CLionProjects/ppgprojekt/cmake-build-debug/shaders/diffuse_vert_glsl.cpp">
			<Option target="shaders"/>
		</Unit>
		<Unit filename="C:/Users/szval/CLionProjects/ppgprojekt/cmake-build-debug/shaders/diffuse_vert_glsl.cpp.rule">
			<Option target="shaders"/>
		</Unit>
		<Unit filename="C:/Users/szval/CLionProjects/ppgprojekt/cmake-build-debug/shaders/diffuse_vert_glsl.h">
			<Option target="shaders"/>
		</Unit>
		<Unit filename="C:/Users/szval/CLionProjects/ppgprojekt/cmake-build-debug/shaders/texture_frag_glsl.cpp">
			<Option target="shaders"/>
		</Unit>
		<Unit filename="C:/Users/szval/CLionProjects/ppgprojekt/cmake-build-debug/shaders/texture_frag_glsl.cpp.rule">
			<Option target="shaders"/>
		</Unit>
		<Unit filename="C:/Users/szval/CLionProjects/ppgprojekt/cmake-build-debug/shaders/texture_frag_glsl.h">
			<Option target="shaders"/>
		</Unit>
		<Unit filename="C:/Users/szval/CLionProjects/ppgprojekt/cmake-build-debug/shaders/texture_vert_glsl.cpp">
			<Option target="shaders"/>
		</Unit>
		<Unit filename="C:/Users/szval/CLionProjects/ppgprojekt/cmake-build-debug/shaders/texture_vert_glsl.cpp.rule">
			<Option target="shaders"/>
		</Unit>
		<Unit filename="C:/Users/szval/CLionProjects/ppgprojekt/cmake-build-debug/shaders/texture_vert_glsl.h">
			<Option target="shaders"/>
		</Unit>
		<Unit filename="C:/Users/szval/CLionProjects/ppgprojekt/ppgso/image.cpp">
			<Option target="ppgso"/>
		</Unit>
		<Unit filename="C:/Users/szval/CLionProjects/ppgprojekt/ppgso/image.h">
			<Option target="ppgso"/>
		</Unit>
		<Unit filename="C:/Users/szval/CLionProjects/ppgprojekt/ppgso/image_bmp.cpp">
			<Option target="ppgso"/>
		</Unit>
		<Unit filename="C:/Users/szval/CLionProjects/ppgprojekt/ppgso/image_bmp.h">
			<Option target="ppgso"/>
		</Unit>
		<Unit filename="C:/Users/szval/CLionProjects/ppgprojekt/ppgso/image_raw.cpp">
			<Option target="ppgso"/>
		</Unit>
		<Unit filename="C:/Users/szval/CLionProjects/ppgprojekt/ppgso/image_raw.h">
			<Option target="ppgso"/>
		</Unit>
		<Unit filename="C:/Users/szval/CLionProjects/ppgprojekt/ppgso/mesh.cpp">
			<Option target="ppgso"/>
		</Unit>
		<Unit filename="C:/Users/szval/CLionProjects/ppgprojekt/ppgso/mesh.h">
			<Option target="ppgso"/>
		</Unit>
		<Unit filename="C:/Users/szval/CLionProjects/ppgprojekt/ppgso/shader.cpp">
			<Option target="ppgso"/>
		</Unit>
		<Unit filename="C:/Users/szval/CLionProjects/ppgprojekt/ppgso/shader.h">
			<Option target="ppgso"/>
		</Unit>
		<Unit filename="C:/Users/szval/CLionProjects/ppgprojekt/ppgso/texture.cpp">
			<Option target="ppgso"/>
		</Unit>
		<Unit filename="C:/Users/szval/CLionProjects/ppgprojekt/ppgso/texture.h">
			<Option target="ppgso"/>
		</Unit>
		<Unit filename="C:/Users/szval/CLionProjects/ppgprojekt/ppgso/tiny_obj_loader.cpp">
			<Option target="ppgso"/>
		</Unit>
		<Unit filename="C:/Users/szval/CLionProjects/ppgprojekt/ppgso/tiny_obj_loader.h">
			<Option target="ppgso"/>
		</Unit>
		<Unit filename="C:/Users/szval/CLionProjects/ppgprojekt/ppgso/window.cpp">
			<Option target="ppgso"/>
		</Unit>
		<Unit filename="C:/Users/szval/CLionProjects/ppgprojekt/ppgso/window.h">
			<Option target="ppgso"/>
		</Unit>
		<Unit filename="C:/Users/szval/CLionProjects/ppgprojekt/src/gl9_scene/camera.cpp">
			<Option target="gl9_scene"/>
		</Unit>
		<Unit filename="C:/Users/szval/CLionProjects/ppgprojekt/src/gl9_scene/camera.h">
			<Option target="gl9_scene"/>
		</Unit>
		<Unit filename="C:/Users/szval/CLionProjects/ppgprojekt/src/gl9_scene/gl9_scene.cpp">
			<Option target="gl9_scene"/>
		</Unit>
		<Unit filename="C:/Users/szval/CLionProjects/ppgprojekt/src/gl9_scene/object.cpp">
			<Option target="gl9_scene"/>
		</Unit>
		<Unit filename="C:/Users/szval/CLionProjects/ppgprojekt/src/gl9_scene/object.h">
			<Option target="gl9_scene"/>
		</Unit>
		<Unit filename="C:/Users/szval/CLionProjects/ppgprojekt/src/gl9_scene/objects.cpp">
			<Option target="gl9_scene"/>
		</Unit>
		<Unit filename="C:/Users/szval/CLionProjects/ppgprojekt/src/gl9_scene/scene.cpp">
			<Option target="gl9_scene"/>
		</Unit>
		<Unit filename="C:/Users/szval/CLionProjects/ppgprojekt/src/gl9_scene/scene.h">
			<Option target="gl9_scene"/>
		</Unit>
		<Unit filename="C:/Users/szval/CLionProjects/ppgprojekt/CMakeLists.txt">
			<Option virtualFolder="CMake Files\"/>
		</Unit>
		<Unit filename="C:/Users/szval/CLionProjects/ppgprojekt/cmake/FindGLEW.cmake">
			<Option virtualFolder="CMake Files\cmake\"/>
		</Unit>
		<Unit filename="C:/Users/szval/CLionProjects/ppgprojekt/cmake/FindGLFW3.cmake">
			<Option virtualFolder="CMake Files\cmake\"/>
		</Unit>
		<Unit filename="C:/Users/szval/CLionProjects/ppgprojekt/cmake/FindGLM.cmake">
			<Option virtualFolder="CMake Files\cmake\"/>
		</Unit>
		<Unit filename="C:/Users/szval/CLionProjects/ppgprojekt/cmake/add_resources.cmake">
			<Option virtualFolder="CMake Files\cmake\"/>
		</Unit>
	</Project>
</CodeBlocks_project_file>
